// !$*UTF8*$!
{
	archiveVersion = 1;
	classes = {
	};
	objectVersion = 52;
	objects = {

/* Begin PBXBuildFile section */
		2018A81927B2FF960056AAED /* R2DFlow in Frameworks */ = {isa = PBXBuildFile; productRef = 2018A81827B2FF960056AAED /* R2DFlow */; };
		2018A81E27B312A50056AAED /* Realm in Frameworks */ = {isa = PBXBuildFile; productRef = 2018A81D27B312A50056AAED /* Realm */; };
		2018A82027B312A50056AAED /* RealmSwift in Frameworks */ = {isa = PBXBuildFile; productRef = 2018A81F27B312A50056AAED /* RealmSwift */; };
		2025BE8F27AE995500CE66CF /* .xcodesamplecode.plist in Resources */ = {isa = PBXBuildFile; fileRef = 2025BE8E27AE995500CE66CF /* .xcodesamplecode.plist */; };
		2049C58226A4BAB9002C3AF9 /* LoggerExtension.swift in Sources */ = {isa = PBXBuildFile; fileRef = 2049C58126A4BAB9002C3AF9 /* LoggerExtension.swift */; };
		2049C58626A5C964002C3AF9 /* ImageStorageModel.swift in Sources */ = {isa = PBXBuildFile; fileRef = 2049C58526A5C964002C3AF9 /* ImageStorageModel.swift */; };
		2049C58A26A64BCC002C3AF9 /* ComicNavigationView.swift in Sources */ = {isa = PBXBuildFile; fileRef = 2049C58926A64BCC002C3AF9 /* ComicNavigationView.swift */; };
		2049C5CC26A6F04D002C3AF9 /* Launch Screen.storyboard in Resources */ = {isa = PBXBuildFile; fileRef = 2049C5CB26A6F04D002C3AF9 /* Launch Screen.storyboard */; };
		2049C5D026A6F900002C3AF9 /* FavoritesNavigationView.swift in Sources */ = {isa = PBXBuildFile; fileRef = 2049C5CF26A6F900002C3AF9 /* FavoritesNavigationView.swift */; };
		2049C5D226A74112002C3AF9 /* ToDo.swift in Sources */ = {isa = PBXBuildFile; fileRef = 2049C5D126A74112002C3AF9 /* ToDo.swift */; };
		2049C5D726A7467B002C3AF9 /* RealmModel_Read.swift in Sources */ = {isa = PBXBuildFile; fileRef = 2049C5D626A7467B002C3AF9 /* RealmModel_Read.swift */; };
		2049C5D926A74A02002C3AF9 /* RealmModel_Create.swift in Sources */ = {isa = PBXBuildFile; fileRef = 2049C5D826A74A02002C3AF9 /* RealmModel_Create.swift */; };
		2049C5DB26A74A65002C3AF9 /* RealmModel_Delete.swift in Sources */ = {isa = PBXBuildFile; fileRef = 2049C5DA26A74A65002C3AF9 /* RealmModel_Delete.swift */; };
		2049C5DD26A74B1A002C3AF9 /* RealmModel_Observer.swift in Sources */ = {isa = PBXBuildFile; fileRef = 2049C5DC26A74B1A002C3AF9 /* RealmModel_Observer.swift */; };
		2049C5DF26A74BFA002C3AF9 /* RealmModel_Mapping.swift in Sources */ = {isa = PBXBuildFile; fileRef = 2049C5DE26A74BFA002C3AF9 /* RealmModel_Mapping.swift */; };
		2049C5E126A75A52002C3AF9 /* ImageStorageModel_Download.swift in Sources */ = {isa = PBXBuildFile; fileRef = 2049C5E026A75A52002C3AF9 /* ImageStorageModel_Download.swift */; };
		2049C5E326A75A64002C3AF9 /* ImageStorageModel_Delete.swift in Sources */ = {isa = PBXBuildFile; fileRef = 2049C5E226A75A64002C3AF9 /* ImageStorageModel_Delete.swift */; };
		2049C5E526A760FC002C3AF9 /* ComicAPIModel_fetchData.swift in Sources */ = {isa = PBXBuildFile; fileRef = 2049C5E426A760FC002C3AF9 /* ComicAPIModel_fetchData.swift */; };
		2049C5E726A76BCF002C3AF9 /* Workflow_getLatestComics.swift in Sources */ = {isa = PBXBuildFile; fileRef = 2049C5E626A76BCF002C3AF9 /* Workflow_getLatestComics.swift */; };
		2049C5E926A76CFF002C3AF9 /* ComicModel_cacheComic.swift in Sources */ = {isa = PBXBuildFile; fileRef = 2049C5E826A76CFF002C3AF9 /* ComicModel_cacheComic.swift */; };
		2049C5EB26A76D0B002C3AF9 /* ComicModel_cachingComic.swift in Sources */ = {isa = PBXBuildFile; fileRef = 2049C5EA26A76D0B002C3AF9 /* ComicModel_cachingComic.swift */; };
		2049C5ED26A76D9B002C3AF9 /* Workflow_getPreviousComic.swift in Sources */ = {isa = PBXBuildFile; fileRef = 2049C5EC26A76D9B002C3AF9 /* Workflow_getPreviousComic.swift */; };
		2049C5EF26A76E2A002C3AF9 /* Workflow_getNewerComic.swift in Sources */ = {isa = PBXBuildFile; fileRef = 2049C5EE26A76E2A002C3AF9 /* Workflow_getNewerComic.swift */; };
		2049C5F126A76EDB002C3AF9 /* Workflow_getRandomComics.swift in Sources */ = {isa = PBXBuildFile; fileRef = 2049C5F026A76EDB002C3AF9 /* Workflow_getRandomComics.swift */; };
		2049C5F326A77029002C3AF9 /* Workflow_addComicAsFavorite.swift in Sources */ = {isa = PBXBuildFile; fileRef = 2049C5F226A77029002C3AF9 /* Workflow_addComicAsFavorite.swift */; };
		2049C5F526A77077002C3AF9 /* Workflow_removeComicFromFavorites.swift in Sources */ = {isa = PBXBuildFile; fileRef = 2049C5F426A77077002C3AF9 /* Workflow_removeComicFromFavorites.swift */; };
		2049C5F726A770BE002C3AF9 /* Workflow_getFavoriteComics.swift in Sources */ = {isa = PBXBuildFile; fileRef = 2049C5F626A770BE002C3AF9 /* Workflow_getFavoriteComics.swift */; };
		2049C5F926A77260002C3AF9 /* Workflow_startSpeaking.swift in Sources */ = {isa = PBXBuildFile; fileRef = 2049C5F826A77260002C3AF9 /* Workflow_startSpeaking.swift */; };
		2049C5FB26A7739F002C3AF9 /* ComicModel.swift in Sources */ = {isa = PBXBuildFile; fileRef = 2049C5FA26A7739F002C3AF9 /* ComicModel.swift */; };
		2049C5FD26A775CC002C3AF9 /* FavoritesModel.swift in Sources */ = {isa = PBXBuildFile; fileRef = 2049C5FC26A775CC002C3AF9 /* FavoritesModel.swift */; };
		2049C5FF26A77623002C3AF9 /* FavoritesModel_deleteFavoriteComicImage.swift in Sources */ = {isa = PBXBuildFile; fileRef = 2049C5FE26A77623002C3AF9 /* FavoritesModel_deleteFavoriteComicImage.swift */; };
		2049C60126A77764002C3AF9 /* FavoritesModel_readFavoriteComicsFromDatabase.swift in Sources */ = {isa = PBXBuildFile; fileRef = 2049C60026A77764002C3AF9 /* FavoritesModel_readFavoriteComicsFromDatabase.swift */; };
		2049C60326A77796002C3AF9 /* FavoritesModel_createFavoriteComicInDatabase.swift in Sources */ = {isa = PBXBuildFile; fileRef = 2049C60226A77796002C3AF9 /* FavoritesModel_createFavoriteComicInDatabase.swift */; };
		2049C60526A777C9002C3AF9 /* FavoritesModel_deleteFavoriteInDatabase.swift in Sources */ = {isa = PBXBuildFile; fileRef = 2049C60426A777C9002C3AF9 /* FavoritesModel_deleteFavoriteInDatabase.swift */; };
		2049C60726A777F8002C3AF9 /* FavoritesModel_subscribe.swift in Sources */ = {isa = PBXBuildFile; fileRef = 2049C60626A777F8002C3AF9 /* FavoritesModel_subscribe.swift */; };
		2049C60B26A79282002C3AF9 /* Workflow_getComicsNear.swift in Sources */ = {isa = PBXBuildFile; fileRef = 2049C60A26A79282002C3AF9 /* Workflow_getComicsNear.swift */; };
		207CBB2C26A36B9100F59A9E /* AltTextOverlayView.swift in Sources */ = {isa = PBXBuildFile; fileRef = 207CBB2B26A36B9100F59A9E /* AltTextOverlayView.swift */; };
		207CBB2E26A3796C00F59A9E /* TalkAndLoveOverlayView.swift in Sources */ = {isa = PBXBuildFile; fileRef = 207CBB2D26A3796C00F59A9E /* TalkAndLoveOverlayView.swift */; };
		207CBB3526A3836C00F59A9E /* RealmModel.swift in Sources */ = {isa = PBXBuildFile; fileRef = 207CBB3426A3836C00F59A9E /* RealmModel.swift */; };
		207CBB3A26A38AD000F59A9E /* ComicModel_generateRandomNum.swift in Sources */ = {isa = PBXBuildFile; fileRef = 207CBB3926A38AD000F59A9E /* ComicModel_generateRandomNum.swift */; };
		207CBB3C26A38B0500F59A9E /* FavoritesModel_downloadFavoriteComicImage.swift in Sources */ = {isa = PBXBuildFile; fileRef = 207CBB3B26A38B0500F59A9E /* FavoritesModel_downloadFavoriteComicImage.swift */; };
		207CBB3F26A3931B00F59A9E /* TextToSpeechModel.swift in Sources */ = {isa = PBXBuildFile; fileRef = 207CBB3E26A3931B00F59A9E /* TextToSpeechModel.swift */; };
		207CBB4426A42C7C00F59A9E /* ArrayExtension.swift in Sources */ = {isa = PBXBuildFile; fileRef = 207CBB4326A42C7C00F59A9E /* ArrayExtension.swift */; };
		20800CAD26A1E70F00521FFA /* ComicSplashApp.swift in Sources */ = {isa = PBXBuildFile; fileRef = 20800CAC26A1E70F00521FFA /* ComicSplashApp.swift */; };
		20800CAF26A1E70F00521FFA /* ContentView.swift in Sources */ = {isa = PBXBuildFile; fileRef = 20800CAE26A1E70F00521FFA /* ContentView.swift */; };
		20800CB126A1E71A00521FFA /* Assets.xcassets in Resources */ = {isa = PBXBuildFile; fileRef = 20800CB026A1E71A00521FFA /* Assets.xcassets */; };
		20800CB426A1E71A00521FFA /* Preview Assets.xcassets in Resources */ = {isa = PBXBuildFile; fileRef = 20800CB326A1E71A00521FFA /* Preview Assets.xcassets */; };
		20800CBF26A1E71A00521FFA /* ComicSplashTests.swift in Sources */ = {isa = PBXBuildFile; fileRef = 20800CBE26A1E71A00521FFA /* ComicSplashTests.swift */; };
		20800CCA26A1E71A00521FFA /* ComicSplashUITests.swift in Sources */ = {isa = PBXBuildFile; fileRef = 20800CC926A1E71A00521FFA /* ComicSplashUITests.swift */; };
		20800CD926A1E7A700521FFA /* .swiftlint.yml in Resources */ = {isa = PBXBuildFile; fileRef = 20800CD826A1E7A700521FFA /* .swiftlint.yml */; };
		20800CDB26A1E7B900521FFA /* README.md in Resources */ = {isa = PBXBuildFile; fileRef = 20800CDA26A1E7B900521FFA /* README.md */; };
		20800CDE26A1E9D100521FFA /* ComicAPIModel.swift in Sources */ = {isa = PBXBuildFile; fileRef = 20800CDD26A1E9D100521FFA /* ComicAPIModel.swift */; };
		20800CE026A1EF4D00521FFA /* ComicDataType.swift in Sources */ = {isa = PBXBuildFile; fileRef = 20800CDF26A1EF4D00521FFA /* ComicDataType.swift */; };
		20800CE526A1FC0200521FFA /* Actions.swift in Sources */ = {isa = PBXBuildFile; fileRef = 20800CE426A1FC0200521FFA /* Actions.swift */; };
		20800CE826A1FD1600521FFA /* Workflows_Router.swift in Sources */ = {isa = PBXBuildFile; fileRef = 20800CE726A1FD1600521FFA /* Workflows_Router.swift */; };
		20800CEA26A1FDDA00521FFA /* MainState.swift in Sources */ = {isa = PBXBuildFile; fileRef = 20800CE926A1FDDA00521FFA /* MainState.swift */; };
		20800CEE26A2038600521FFA /* Reducers.swift in Sources */ = {isa = PBXBuildFile; fileRef = 20800CED26A2038600521FFA /* Reducers.swift */; };
		20800CF026A2338000521FFA /* LogoAndLoadingView.swift in Sources */ = {isa = PBXBuildFile; fileRef = 20800CEF26A2338000521FFA /* LogoAndLoadingView.swift */; };
		20800CF326A233CF00521FFA /* K.swift in Sources */ = {isa = PBXBuildFile; fileRef = 20800CF226A233CF00521FFA /* K.swift */; };
		20800CF526A2F3DC00521FFA /* ComicPagesView.swift in Sources */ = {isa = PBXBuildFile; fileRef = 20800CF426A2F3DC00521FFA /* ComicPagesView.swift */; };
		20800CF726A2F4DB00521FFA /* MainTabView.swift in Sources */ = {isa = PBXBuildFile; fileRef = 20800CF626A2F4DB00521FFA /* MainTabView.swift */; };
		20800CFB26A35C2000521FFA /* ComicView.swift in Sources */ = {isa = PBXBuildFile; fileRef = 20800CFA26A35C2000521FFA /* ComicView.swift */; };
		20C8C12526A4410E00510A6D /* SDWebImageSwiftUI in Frameworks */ = {isa = PBXBuildFile; productRef = 20C8C12426A4410E00510A6D /* SDWebImageSwiftUI */; };
		20C8C12726A45B9C00510A6D /* RealmObject__ComicData.swift in Sources */ = {isa = PBXBuildFile; fileRef = 20C8C12626A45B9C00510A6D /* RealmObject__ComicData.swift */; };
		20C8C12C26A4662A00510A6D /* FavoritesOverviewView.swift in Sources */ = {isa = PBXBuildFile; fileRef = 20C8C12B26A4662A00510A6D /* FavoritesOverviewView.swift */; };
		20C8C12E26A4731400510A6D /* ComicImageView.swift in Sources */ = {isa = PBXBuildFile; fileRef = 20C8C12D26A4731400510A6D /* ComicImageView.swift */; };
/* End PBXBuildFile section */

/* Begin PBXContainerItemProxy section */
		20800CBB26A1E71A00521FFA /* PBXContainerItemProxy */ = {
			isa = PBXContainerItemProxy;
			containerPortal = 20800CA126A1E70F00521FFA /* Project object */;
			proxyType = 1;
			remoteGlobalIDString = 20800CA826A1E70F00521FFA;
			remoteInfo = ComicSplash;
		};
		20800CC626A1E71A00521FFA /* PBXContainerItemProxy */ = {
			isa = PBXContainerItemProxy;
			containerPortal = 20800CA126A1E70F00521FFA /* Project object */;
			proxyType = 1;
			remoteGlobalIDString = 20800CA826A1E70F00521FFA;
			remoteInfo = ComicSplash;
		};
/* End PBXContainerItemProxy section */

/* Begin PBXFileReference section */
		2018A81B27B301690056AAED /* R2DFlow */ = {isa = PBXFileReference; lastKnownFileType = wrapper; name = R2DFlow; path = ../../Frameworks/R2DFlow; sourceTree = "<group>"; };
		2025BE8E27AE995500CE66CF /* .xcodesamplecode.plist */ = {isa = PBXFileReference; lastKnownFileType = text.plist.xml; path = .xcodesamplecode.plist; sourceTree = "<group>"; };
		2049C58126A4BAB9002C3AF9 /* LoggerExtension.swift */ = {isa = PBXFileReference; fileEncoding = 4; lastKnownFileType = sourcecode.swift; path = LoggerExtension.swift; sourceTree = "<group>"; };
		2049C58526A5C964002C3AF9 /* ImageStorageModel.swift */ = {isa = PBXFileReference; lastKnownFileType = sourcecode.swift; path = ImageStorageModel.swift; sourceTree = "<group>"; };
		2049C58926A64BCC002C3AF9 /* ComicNavigationView.swift */ = {isa = PBXFileReference; lastKnownFileType = sourcecode.swift; path = ComicNavigationView.swift; sourceTree = "<group>"; };
		2049C5CB26A6F04D002C3AF9 /* Launch Screen.storyboard */ = {isa = PBXFileReference; lastKnownFileType = file.storyboard; path = "Launch Screen.storyboard"; sourceTree = "<group>"; };
		2049C5CF26A6F900002C3AF9 /* FavoritesNavigationView.swift */ = {isa = PBXFileReference; lastKnownFileType = sourcecode.swift; path = FavoritesNavigationView.swift; sourceTree = "<group>"; };
		2049C5D126A74112002C3AF9 /* ToDo.swift */ = {isa = PBXFileReference; lastKnownFileType = sourcecode.swift; path = ToDo.swift; sourceTree = "<group>"; };
		2049C5D626A7467B002C3AF9 /* RealmModel_Read.swift */ = {isa = PBXFileReference; lastKnownFileType = sourcecode.swift; path = RealmModel_Read.swift; sourceTree = "<group>"; };
		2049C5D826A74A02002C3AF9 /* RealmModel_Create.swift */ = {isa = PBXFileReference; lastKnownFileType = sourcecode.swift; path = RealmModel_Create.swift; sourceTree = "<group>"; };
		2049C5DA26A74A65002C3AF9 /* RealmModel_Delete.swift */ = {isa = PBXFileReference; lastKnownFileType = sourcecode.swift; path = RealmModel_Delete.swift; sourceTree = "<group>"; };
		2049C5DC26A74B1A002C3AF9 /* RealmModel_Observer.swift */ = {isa = PBXFileReference; lastKnownFileType = sourcecode.swift; path = RealmModel_Observer.swift; sourceTree = "<group>"; };
		2049C5DE26A74BFA002C3AF9 /* RealmModel_Mapping.swift */ = {isa = PBXFileReference; lastKnownFileType = sourcecode.swift; path = RealmModel_Mapping.swift; sourceTree = "<group>"; };
		2049C5E026A75A52002C3AF9 /* ImageStorageModel_Download.swift */ = {isa = PBXFileReference; lastKnownFileType = sourcecode.swift; path = ImageStorageModel_Download.swift; sourceTree = "<group>"; };
		2049C5E226A75A64002C3AF9 /* ImageStorageModel_Delete.swift */ = {isa = PBXFileReference; lastKnownFileType = sourcecode.swift; path = ImageStorageModel_Delete.swift; sourceTree = "<group>"; };
		2049C5E426A760FC002C3AF9 /* ComicAPIModel_fetchData.swift */ = {isa = PBXFileReference; lastKnownFileType = sourcecode.swift; path = ComicAPIModel_fetchData.swift; sourceTree = "<group>"; };
		2049C5E626A76BCF002C3AF9 /* Workflow_getLatestComics.swift */ = {isa = PBXFileReference; lastKnownFileType = sourcecode.swift; path = Workflow_getLatestComics.swift; sourceTree = "<group>"; };
		2049C5E826A76CFF002C3AF9 /* ComicModel_cacheComic.swift */ = {isa = PBXFileReference; lastKnownFileType = sourcecode.swift; path = ComicModel_cacheComic.swift; sourceTree = "<group>"; };
		2049C5EA26A76D0B002C3AF9 /* ComicModel_cachingComic.swift */ = {isa = PBXFileReference; lastKnownFileType = sourcecode.swift; path = ComicModel_cachingComic.swift; sourceTree = "<group>"; };
		2049C5EC26A76D9B002C3AF9 /* Workflow_getPreviousComic.swift */ = {isa = PBXFileReference; lastKnownFileType = sourcecode.swift; path = Workflow_getPreviousComic.swift; sourceTree = "<group>"; };
		2049C5EE26A76E2A002C3AF9 /* Workflow_getNewerComic.swift */ = {isa = PBXFileReference; lastKnownFileType = sourcecode.swift; path = Workflow_getNewerComic.swift; sourceTree = "<group>"; };
		2049C5F026A76EDB002C3AF9 /* Workflow_getRandomComics.swift */ = {isa = PBXFileReference; lastKnownFileType = sourcecode.swift; path = Workflow_getRandomComics.swift; sourceTree = "<group>"; };
		2049C5F226A77029002C3AF9 /* Workflow_addComicAsFavorite.swift */ = {isa = PBXFileReference; lastKnownFileType = sourcecode.swift; path = Workflow_addComicAsFavorite.swift; sourceTree = "<group>"; };
		2049C5F426A77077002C3AF9 /* Workflow_removeComicFromFavorites.swift */ = {isa = PBXFileReference; lastKnownFileType = sourcecode.swift; path = Workflow_removeComicFromFavorites.swift; sourceTree = "<group>"; };
		2049C5F626A770BE002C3AF9 /* Workflow_getFavoriteComics.swift */ = {isa = PBXFileReference; lastKnownFileType = sourcecode.swift; path = Workflow_getFavoriteComics.swift; sourceTree = "<group>"; };
		2049C5F826A77260002C3AF9 /* Workflow_startSpeaking.swift */ = {isa = PBXFileReference; lastKnownFileType = sourcecode.swift; path = Workflow_startSpeaking.swift; sourceTree = "<group>"; };
		2049C5FA26A7739F002C3AF9 /* ComicModel.swift */ = {isa = PBXFileReference; lastKnownFileType = sourcecode.swift; path = ComicModel.swift; sourceTree = "<group>"; };
		2049C5FC26A775CC002C3AF9 /* FavoritesModel.swift */ = {isa = PBXFileReference; lastKnownFileType = sourcecode.swift; path = FavoritesModel.swift; sourceTree = "<group>"; };
		2049C5FE26A77623002C3AF9 /* FavoritesModel_deleteFavoriteComicImage.swift */ = {isa = PBXFileReference; lastKnownFileType = sourcecode.swift; path = FavoritesModel_deleteFavoriteComicImage.swift; sourceTree = "<group>"; };
		2049C60026A77764002C3AF9 /* FavoritesModel_readFavoriteComicsFromDatabase.swift */ = {isa = PBXFileReference; lastKnownFileType = sourcecode.swift; path = FavoritesModel_readFavoriteComicsFromDatabase.swift; sourceTree = "<group>"; };
		2049C60226A77796002C3AF9 /* FavoritesModel_createFavoriteComicInDatabase.swift */ = {isa = PBXFileReference; lastKnownFileType = sourcecode.swift; path = FavoritesModel_createFavoriteComicInDatabase.swift; sourceTree = "<group>"; };
		2049C60426A777C9002C3AF9 /* FavoritesModel_deleteFavoriteInDatabase.swift */ = {isa = PBXFileReference; lastKnownFileType = sourcecode.swift; path = FavoritesModel_deleteFavoriteInDatabase.swift; sourceTree = "<group>"; };
		2049C60626A777F8002C3AF9 /* FavoritesModel_subscribe.swift */ = {isa = PBXFileReference; lastKnownFileType = sourcecode.swift; path = FavoritesModel_subscribe.swift; sourceTree = "<group>"; };
		2049C60A26A79282002C3AF9 /* Workflow_getComicsNear.swift */ = {isa = PBXFileReference; lastKnownFileType = sourcecode.swift; path = Workflow_getComicsNear.swift; sourceTree = "<group>"; };
		207CBB2B26A36B9100F59A9E /* AltTextOverlayView.swift */ = {isa = PBXFileReference; lastKnownFileType = sourcecode.swift; path = AltTextOverlayView.swift; sourceTree = "<group>"; };
		207CBB2D26A3796C00F59A9E /* TalkAndLoveOverlayView.swift */ = {isa = PBXFileReference; lastKnownFileType = sourcecode.swift; path = TalkAndLoveOverlayView.swift; sourceTree = "<group>"; };
		207CBB3426A3836C00F59A9E /* RealmModel.swift */ = {isa = PBXFileReference; lastKnownFileType = sourcecode.swift; path = RealmModel.swift; sourceTree = "<group>"; };
		207CBB3926A38AD000F59A9E /* ComicModel_generateRandomNum.swift */ = {isa = PBXFileReference; lastKnownFileType = sourcecode.swift; path = ComicModel_generateRandomNum.swift; sourceTree = "<group>"; };
		207CBB3B26A38B0500F59A9E /* FavoritesModel_downloadFavoriteComicImage.swift */ = {isa = PBXFileReference; lastKnownFileType = sourcecode.swift; path = FavoritesModel_downloadFavoriteComicImage.swift; sourceTree = "<group>"; };
		207CBB3E26A3931B00F59A9E /* TextToSpeechModel.swift */ = {isa = PBXFileReference; lastKnownFileType = sourcecode.swift; path = TextToSpeechModel.swift; sourceTree = "<group>"; };
		207CBB4326A42C7C00F59A9E /* ArrayExtension.swift */ = {isa = PBXFileReference; lastKnownFileType = sourcecode.swift; path = ArrayExtension.swift; sourceTree = "<group>"; };
		20800CA926A1E70F00521FFA /* ComicSplash.app */ = {isa = PBXFileReference; explicitFileType = wrapper.application; includeInIndex = 0; path = ComicSplash.app; sourceTree = BUILT_PRODUCTS_DIR; };
		20800CAC26A1E70F00521FFA /* ComicSplashApp.swift */ = {isa = PBXFileReference; lastKnownFileType = sourcecode.swift; path = ComicSplashApp.swift; sourceTree = "<group>"; };
		20800CAE26A1E70F00521FFA /* ContentView.swift */ = {isa = PBXFileReference; lastKnownFileType = sourcecode.swift; path = ContentView.swift; sourceTree = "<group>"; };
		20800CB026A1E71A00521FFA /* Assets.xcassets */ = {isa = PBXFileReference; lastKnownFileType = folder.assetcatalog; path = Assets.xcassets; sourceTree = "<group>"; };
		20800CB326A1E71A00521FFA /* Preview Assets.xcassets */ = {isa = PBXFileReference; lastKnownFileType = folder.assetcatalog; path = "Preview Assets.xcassets"; sourceTree = "<group>"; };
		20800CB526A1E71A00521FFA /* Info.plist */ = {isa = PBXFileReference; lastKnownFileType = text.plist.xml; path = Info.plist; sourceTree = "<group>"; };
		20800CBA26A1E71A00521FFA /* ComicSplashTests.xctest */ = {isa = PBXFileReference; explicitFileType = wrapper.cfbundle; includeInIndex = 0; path = ComicSplashTests.xctest; sourceTree = BUILT_PRODUCTS_DIR; };
		20800CBE26A1E71A00521FFA /* ComicSplashTests.swift */ = {isa = PBXFileReference; lastKnownFileType = sourcecode.swift; path = ComicSplashTests.swift; sourceTree = "<group>"; };
		20800CC026A1E71A00521FFA /* Info.plist */ = {isa = PBXFileReference; lastKnownFileType = text.plist.xml; path = Info.plist; sourceTree = "<group>"; };
		20800CC526A1E71A00521FFA /* ComicSplashUITests.xctest */ = {isa = PBXFileReference; explicitFileType = wrapper.cfbundle; includeInIndex = 0; path = ComicSplashUITests.xctest; sourceTree = BUILT_PRODUCTS_DIR; };
		20800CC926A1E71A00521FFA /* ComicSplashUITests.swift */ = {isa = PBXFileReference; lastKnownFileType = sourcecode.swift; path = ComicSplashUITests.swift; sourceTree = "<group>"; };
		20800CCB26A1E71A00521FFA /* Info.plist */ = {isa = PBXFileReference; lastKnownFileType = text.plist.xml; path = Info.plist; sourceTree = "<group>"; };
		20800CD826A1E7A700521FFA /* .swiftlint.yml */ = {isa = PBXFileReference; fileEncoding = 4; lastKnownFileType = text.yaml; path = .swiftlint.yml; sourceTree = "<group>"; };
		20800CDA26A1E7B900521FFA /* README.md */ = {isa = PBXFileReference; fileEncoding = 4; lastKnownFileType = net.daringfireball.markdown; path = README.md; sourceTree = "<group>"; wrapsLines = 1; };
		20800CDD26A1E9D100521FFA /* ComicAPIModel.swift */ = {isa = PBXFileReference; lastKnownFileType = sourcecode.swift; path = ComicAPIModel.swift; sourceTree = "<group>"; };
		20800CDF26A1EF4D00521FFA /* ComicDataType.swift */ = {isa = PBXFileReference; lastKnownFileType = sourcecode.swift; path = ComicDataType.swift; sourceTree = "<group>"; };
		20800CE426A1FC0200521FFA /* Actions.swift */ = {isa = PBXFileReference; lastKnownFileType = sourcecode.swift; path = Actions.swift; sourceTree = "<group>"; };
		20800CE726A1FD1600521FFA /* Workflows_Router.swift */ = {isa = PBXFileReference; lastKnownFileType = sourcecode.swift; path = Workflows_Router.swift; sourceTree = "<group>"; };
		20800CE926A1FDDA00521FFA /* MainState.swift */ = {isa = PBXFileReference; lastKnownFileType = sourcecode.swift; path = MainState.swift; sourceTree = "<group>"; };
		20800CED26A2038600521FFA /* Reducers.swift */ = {isa = PBXFileReference; lastKnownFileType = sourcecode.swift; path = Reducers.swift; sourceTree = "<group>"; };
		20800CEF26A2338000521FFA /* LogoAndLoadingView.swift */ = {isa = PBXFileReference; lastKnownFileType = sourcecode.swift; path = LogoAndLoadingView.swift; sourceTree = "<group>"; };
		20800CF226A233CF00521FFA /* K.swift */ = {isa = PBXFileReference; lastKnownFileType = sourcecode.swift; path = K.swift; sourceTree = "<group>"; };
		20800CF426A2F3DC00521FFA /* ComicPagesView.swift */ = {isa = PBXFileReference; lastKnownFileType = sourcecode.swift; path = ComicPagesView.swift; sourceTree = "<group>"; };
		20800CF626A2F4DB00521FFA /* MainTabView.swift */ = {isa = PBXFileReference; lastKnownFileType = sourcecode.swift; path = MainTabView.swift; sourceTree = "<group>"; };
		20800CFA26A35C2000521FFA /* ComicView.swift */ = {isa = PBXFileReference; lastKnownFileType = sourcecode.swift; path = ComicView.swift; sourceTree = "<group>"; };
		20C8C12626A45B9C00510A6D /* RealmObject__ComicData.swift */ = {isa = PBXFileReference; fileEncoding = 4; lastKnownFileType = sourcecode.swift; path = RealmObject__ComicData.swift; sourceTree = "<group>"; };
		20C8C12B26A4662A00510A6D /* FavoritesOverviewView.swift */ = {isa = PBXFileReference; lastKnownFileType = sourcecode.swift; path = FavoritesOverviewView.swift; sourceTree = "<group>"; };
		20C8C12D26A4731400510A6D /* ComicImageView.swift */ = {isa = PBXFileReference; lastKnownFileType = sourcecode.swift; path = ComicImageView.swift; sourceTree = "<group>"; };
/* End PBXFileReference section */

/* Begin PBXFrameworksBuildPhase section */
		20800CA626A1E70F00521FFA /* Frameworks */ = {
			isa = PBXFrameworksBuildPhase;
			buildActionMask = 2147483647;
			files = (
				2018A82027B312A50056AAED /* RealmSwift in Frameworks */,
				2018A81E27B312A50056AAED /* Realm in Frameworks */,
				2018A81927B2FF960056AAED /* R2DFlow in Frameworks */,
				20C8C12526A4410E00510A6D /* SDWebImageSwiftUI in Frameworks */,
			);
			runOnlyForDeploymentPostprocessing = 0;
		};
		20800CB726A1E71A00521FFA /* Frameworks */ = {
			isa = PBXFrameworksBuildPhase;
			buildActionMask = 2147483647;
			files = (
			);
			runOnlyForDeploymentPostprocessing = 0;
		};
		20800CC226A1E71A00521FFA /* Frameworks */ = {
			isa = PBXFrameworksBuildPhase;
			buildActionMask = 2147483647;
			files = (
			);
			runOnlyForDeploymentPostprocessing = 0;
		};
/* End PBXFrameworksBuildPhase section */

/* Begin PBXGroup section */
		2018A81A27B301690056AAED /* Packages */ = {
			isa = PBXGroup;
			children = (
				2018A81B27B301690056AAED /* R2DFlow */,
			);
			name = Packages;
			sourceTree = "<group>";
		};
		2049C58426A5C949002C3AF9 /* ImageStorage */ = {
			isa = PBXGroup;
			children = (
				2049C58526A5C964002C3AF9 /* ImageStorageModel.swift */,
				2049C5E026A75A52002C3AF9 /* ImageStorageModel_Download.swift */,
				2049C5E226A75A64002C3AF9 /* ImageStorageModel_Delete.swift */,
			);
			path = ImageStorage;
			sourceTree = "<group>";
		};
		2049C58B26A65078002C3AF9 /* Features */ = {
			isa = PBXGroup;
			children = (
				207CBB3826A38A8000F59A9E /* Database */,
				2049C58426A5C949002C3AF9 /* ImageStorage */,
				207CBB3D26A3930500F59A9E /* TextToSpeach */,
				20800CE226A1FB4400521FFA /* ComicAPI */,
				2049C60826A77B4F002C3AF9 /* Comic */,
				2049C60926A77B78002C3AF9 /* Favorites */,
			);
			path = Features;
			sourceTree = "<group>";
		};
		2049C5D326A742EF002C3AF9 /* Comic Tab */ = {
			isa = PBXGroup;
			children = (
				2049C58926A64BCC002C3AF9 /* ComicNavigationView.swift */,
			);
			path = "Comic Tab";
			sourceTree = "<group>";
		};
		2049C5D426A742FB002C3AF9 /* Favorites Tab */ = {
			isa = PBXGroup;
			children = (
				2049C5CF26A6F900002C3AF9 /* FavoritesNavigationView.swift */,
				20C8C12B26A4662A00510A6D /* FavoritesOverviewView.swift */,
			);
			path = "Favorites Tab";
			sourceTree = "<group>";
		};
		2049C5D526A7435B002C3AF9 /* Reusable Comic Detail View */ = {
			isa = PBXGroup;
			children = (
				20800CF426A2F3DC00521FFA /* ComicPagesView.swift */,
				20800CFA26A35C2000521FFA /* ComicView.swift */,
				20C8C12D26A4731400510A6D /* ComicImageView.swift */,
				207CBB2B26A36B9100F59A9E /* AltTextOverlayView.swift */,
				207CBB2D26A3796C00F59A9E /* TalkAndLoveOverlayView.swift */,
			);
			path = "Reusable Comic Detail View";
			sourceTree = "<group>";
		};
		2049C60826A77B4F002C3AF9 /* Comic */ = {
			isa = PBXGroup;
			children = (
				2049C5FA26A7739F002C3AF9 /* ComicModel.swift */,
				2049C5E826A76CFF002C3AF9 /* ComicModel_cacheComic.swift */,
				2049C5EA26A76D0B002C3AF9 /* ComicModel_cachingComic.swift */,
				207CBB3926A38AD000F59A9E /* ComicModel_generateRandomNum.swift */,
			);
			path = Comic;
			sourceTree = "<group>";
		};
		2049C60926A77B78002C3AF9 /* Favorites */ = {
			isa = PBXGroup;
			children = (
				2049C5FC26A775CC002C3AF9 /* FavoritesModel.swift */,
				207CBB3B26A38B0500F59A9E /* FavoritesModel_downloadFavoriteComicImage.swift */,
				2049C60626A777F8002C3AF9 /* FavoritesModel_subscribe.swift */,
				2049C60426A777C9002C3AF9 /* FavoritesModel_deleteFavoriteInDatabase.swift */,
				2049C60226A77796002C3AF9 /* FavoritesModel_createFavoriteComicInDatabase.swift */,
				2049C60026A77764002C3AF9 /* FavoritesModel_readFavoriteComicsFromDatabase.swift */,
				2049C5FE26A77623002C3AF9 /* FavoritesModel_deleteFavoriteComicImage.swift */,
			);
			path = Favorites;
			sourceTree = "<group>";
		};
		207CBB3826A38A8000F59A9E /* Database */ = {
			isa = PBXGroup;
			children = (
				207CBB3426A3836C00F59A9E /* RealmModel.swift */,
				2049C5D826A74A02002C3AF9 /* RealmModel_Create.swift */,
				2049C5D626A7467B002C3AF9 /* RealmModel_Read.swift */,
				2049C5DA26A74A65002C3AF9 /* RealmModel_Delete.swift */,
				2049C5DC26A74B1A002C3AF9 /* RealmModel_Observer.swift */,
				2049C5DE26A74BFA002C3AF9 /* RealmModel_Mapping.swift */,
				20C8C12626A45B9C00510A6D /* RealmObject__ComicData.swift */,
			);
			path = Database;
			sourceTree = "<group>";
		};
		207CBB3D26A3930500F59A9E /* TextToSpeach */ = {
			isa = PBXGroup;
			children = (
				207CBB3E26A3931B00F59A9E /* TextToSpeechModel.swift */,
			);
			path = TextToSpeach;
			sourceTree = "<group>";
		};
		207CBB4226A42C5A00F59A9E /* Extensions and Types */ = {
			isa = PBXGroup;
			children = (
				2049C58126A4BAB9002C3AF9 /* LoggerExtension.swift */,
				207CBB4326A42C7C00F59A9E /* ArrayExtension.swift */,
			);
			path = "Extensions and Types";
			sourceTree = "<group>";
		};
		20800CA026A1E70F00521FFA = {
			isa = PBXGroup;
			children = (
				2018A81A27B301690056AAED /* Packages */,
				2025BE8E27AE995500CE66CF /* .xcodesamplecode.plist */,
				2049C5D126A74112002C3AF9 /* ToDo.swift */,
				20800CDA26A1E7B900521FFA /* README.md */,
				20800CD826A1E7A700521FFA /* .swiftlint.yml */,
				20800CAB26A1E70F00521FFA /* ComicSplash */,
				20800CBD26A1E71A00521FFA /* ComicSplashTests */,
				20800CC826A1E71A00521FFA /* ComicSplashUITests */,
				20800CAA26A1E70F00521FFA /* Products */,
			);
			sourceTree = "<group>";
		};
		20800CAA26A1E70F00521FFA /* Products */ = {
			isa = PBXGroup;
			children = (
				20800CA926A1E70F00521FFA /* ComicSplash.app */,
				20800CBA26A1E71A00521FFA /* ComicSplashTests.xctest */,
				20800CC526A1E71A00521FFA /* ComicSplashUITests.xctest */,
			);
			name = Products;
			sourceTree = "<group>";
		};
		20800CAB26A1E70F00521FFA /* ComicSplash */ = {
			isa = PBXGroup;
			children = (
				20800CB526A1E71A00521FFA /* Info.plist */,
				20800CF126A233C000521FFA /* Supporting Files */,
				207CBB4226A42C5A00F59A9E /* Extensions and Types */,
				2049C58B26A65078002C3AF9 /* Features */,
				20800CE326A1FBED00521FFA /* Actions */,
				20800CE626A1FCE200521FFA /* Workflows */,
				20800CEC26A2036F00521FFA /* Reducers */,
				20800CEB26A1FDE000521FFA /* State */,
				20800CE126A1FB2700521FFA /* Views */,
				20800CD726A1E73100521FFA /* Assets */,
				20800CB226A1E71A00521FFA /* Preview Content */,
			);
			path = ComicSplash;
			sourceTree = "<group>";
		};
		20800CB226A1E71A00521FFA /* Preview Content */ = {
			isa = PBXGroup;
			children = (
				20800CB326A1E71A00521FFA /* Preview Assets.xcassets */,
			);
			path = "Preview Content";
			sourceTree = "<group>";
		};
		20800CBD26A1E71A00521FFA /* ComicSplashTests */ = {
			isa = PBXGroup;
			children = (
				20800CBE26A1E71A00521FFA /* ComicSplashTests.swift */,
				20800CC026A1E71A00521FFA /* Info.plist */,
			);
			path = ComicSplashTests;
			sourceTree = "<group>";
		};
		20800CC826A1E71A00521FFA /* ComicSplashUITests */ = {
			isa = PBXGroup;
			children = (
				20800CC926A1E71A00521FFA /* ComicSplashUITests.swift */,
				20800CCB26A1E71A00521FFA /* Info.plist */,
			);
			path = ComicSplashUITests;
			sourceTree = "<group>";
		};
		20800CD726A1E73100521FFA /* Assets */ = {
			isa = PBXGroup;
			children = (
				20800CB026A1E71A00521FFA /* Assets.xcassets */,
				2049C5CB26A6F04D002C3AF9 /* Launch Screen.storyboard */,
			);
			path = Assets;
			sourceTree = "<group>";
		};
		20800CE126A1FB2700521FFA /* Views */ = {
			isa = PBXGroup;
			children = (
				20800CAC26A1E70F00521FFA /* ComicSplashApp.swift */,
				20800CAE26A1E70F00521FFA /* ContentView.swift */,
				20800CF626A2F4DB00521FFA /* MainTabView.swift */,
				20800CEF26A2338000521FFA /* LogoAndLoadingView.swift */,
				2049C5D326A742EF002C3AF9 /* Comic Tab */,
				2049C5D426A742FB002C3AF9 /* Favorites Tab */,
				2049C5D526A7435B002C3AF9 /* Reusable Comic Detail View */,
			);
			path = Views;
			sourceTree = "<group>";
		};
		20800CE226A1FB4400521FFA /* ComicAPI */ = {
			isa = PBXGroup;
			children = (
				20800CDD26A1E9D100521FFA /* ComicAPIModel.swift */,
				2049C5E426A760FC002C3AF9 /* ComicAPIModel_fetchData.swift */,
				20800CDF26A1EF4D00521FFA /* ComicDataType.swift */,
			);
			path = ComicAPI;
			sourceTree = "<group>";
		};
		20800CE326A1FBED00521FFA /* Actions */ = {
			isa = PBXGroup;
			children = (
				20800CE426A1FC0200521FFA /* Actions.swift */,
			);
			path = Actions;
			sourceTree = "<group>";
		};
		20800CE626A1FCE200521FFA /* Workflows */ = {
			isa = PBXGroup;
			children = (
				20800CE726A1FD1600521FFA /* Workflows_Router.swift */,
				2049C60A26A79282002C3AF9 /* Workflow_getComicsNear.swift */,
				2049C5EE26A76E2A002C3AF9 /* Workflow_getNewerComic.swift */,
				2049C5E626A76BCF002C3AF9 /* Workflow_getLatestComics.swift */,
				2049C5EC26A76D9B002C3AF9 /* Workflow_getPreviousComic.swift */,
				2049C5F026A76EDB002C3AF9 /* Workflow_getRandomComics.swift */,
				2049C5F226A77029002C3AF9 /* Workflow_addComicAsFavorite.swift */,
				2049C5F426A77077002C3AF9 /* Workflow_removeComicFromFavorites.swift */,
				2049C5F626A770BE002C3AF9 /* Workflow_getFavoriteComics.swift */,
				2049C5F826A77260002C3AF9 /* Workflow_startSpeaking.swift */,
			);
			path = Workflows;
			sourceTree = "<group>";
		};
		20800CEB26A1FDE000521FFA /* State */ = {
			isa = PBXGroup;
			children = (
				20800CE926A1FDDA00521FFA /* MainState.swift */,
			);
			path = State;
			sourceTree = "<group>";
		};
		20800CEC26A2036F00521FFA /* Reducers */ = {
			isa = PBXGroup;
			children = (
				20800CED26A2038600521FFA /* Reducers.swift */,
			);
			path = Reducers;
			sourceTree = "<group>";
		};
		20800CF126A233C000521FFA /* Supporting Files */ = {
			isa = PBXGroup;
			children = (
				20800CF226A233CF00521FFA /* K.swift */,
			);
			path = "Supporting Files";
			sourceTree = "<group>";
		};
/* End PBXGroup section */

/* Begin PBXNativeTarget section */
		20800CA826A1E70F00521FFA /* ComicSplash */ = {
			isa = PBXNativeTarget;
			buildConfigurationList = 20800CCE26A1E71A00521FFA /* Build configuration list for PBXNativeTarget "ComicSplash" */;
			buildPhases = (
				20800CA526A1E70F00521FFA /* Sources */,
				20800CA626A1E70F00521FFA /* Frameworks */,
				20800CA726A1E70F00521FFA /* Resources */,
				20800CDC26A1E8A700521FFA /* ShellScript */,
				2049C58326A4F5A5002C3AF9 /* ShellScript */,
			);
			buildRules = (
			);
			dependencies = (
			);
			name = ComicSplash;
			packageProductDependencies = (
				20C8C12426A4410E00510A6D /* SDWebImageSwiftUI */,
				2018A81827B2FF960056AAED /* R2DFlow */,
				2018A81D27B312A50056AAED /* Realm */,
				2018A81F27B312A50056AAED /* RealmSwift */,
			);
			productName = ComicSplash;
			productReference = 20800CA926A1E70F00521FFA /* ComicSplash.app */;
			productType = "com.apple.product-type.application";
		};
		20800CB926A1E71A00521FFA /* ComicSplashTests */ = {
			isa = PBXNativeTarget;
			buildConfigurationList = 20800CD126A1E71A00521FFA /* Build configuration list for PBXNativeTarget "ComicSplashTests" */;
			buildPhases = (
				20800CB626A1E71A00521FFA /* Sources */,
				20800CB726A1E71A00521FFA /* Frameworks */,
				20800CB826A1E71A00521FFA /* Resources */,
			);
			buildRules = (
			);
			dependencies = (
				20800CBC26A1E71A00521FFA /* PBXTargetDependency */,
			);
			name = ComicSplashTests;
			productName = ComicSplashTests;
			productReference = 20800CBA26A1E71A00521FFA /* ComicSplashTests.xctest */;
			productType = "com.apple.product-type.bundle.unit-test";
		};
		20800CC426A1E71A00521FFA /* ComicSplashUITests */ = {
			isa = PBXNativeTarget;
			buildConfigurationList = 20800CD426A1E71A00521FFA /* Build configuration list for PBXNativeTarget "ComicSplashUITests" */;
			buildPhases = (
				20800CC126A1E71A00521FFA /* Sources */,
				20800CC226A1E71A00521FFA /* Frameworks */,
				20800CC326A1E71A00521FFA /* Resources */,
			);
			buildRules = (
			);
			dependencies = (
				20800CC726A1E71A00521FFA /* PBXTargetDependency */,
			);
			name = ComicSplashUITests;
			productName = ComicSplashUITests;
			productReference = 20800CC526A1E71A00521FFA /* ComicSplashUITests.xctest */;
			productType = "com.apple.product-type.bundle.ui-testing";
		};
/* End PBXNativeTarget section */

/* Begin PBXProject section */
		20800CA126A1E70F00521FFA /* Project object */ = {
			isa = PBXProject;
			attributes = {
				LastSwiftUpdateCheck = 1250;
				LastUpgradeCheck = 1250;
				TargetAttributes = {
					20800CA826A1E70F00521FFA = {
						CreatedOnToolsVersion = 12.5.1;
					};
					20800CB926A1E71A00521FFA = {
						CreatedOnToolsVersion = 12.5.1;
						TestTargetID = 20800CA826A1E70F00521FFA;
					};
					20800CC426A1E71A00521FFA = {
						CreatedOnToolsVersion = 12.5.1;
						TestTargetID = 20800CA826A1E70F00521FFA;
					};
				};
			};
			buildConfigurationList = 20800CA426A1E70F00521FFA /* Build configuration list for PBXProject "ComicSplash" */;
			compatibilityVersion = "Xcode 9.3";
			developmentRegion = en;
			hasScannedForEncodings = 0;
			knownRegions = (
				en,
				Base,
			);
			mainGroup = 20800CA026A1E70F00521FFA;
			packageReferences = (
				20C8C12326A4410E00510A6D /* XCRemoteSwiftPackageReference "SDWebImageSwiftUI" */,
				2018A81727B2FF960056AAED /* XCRemoteSwiftPackageReference "R2DFlow" */,
				2018A81C27B312A50056AAED /* XCRemoteSwiftPackageReference "realm-swift" */,
			);
			productRefGroup = 20800CAA26A1E70F00521FFA /* Products */;
			projectDirPath = "";
			projectRoot = "";
			targets = (
				20800CA826A1E70F00521FFA /* ComicSplash */,
				20800CB926A1E71A00521FFA /* ComicSplashTests */,
				20800CC426A1E71A00521FFA /* ComicSplashUITests */,
			);
		};
/* End PBXProject section */

/* Begin PBXResourcesBuildPhase section */
		20800CA726A1E70F00521FFA /* Resources */ = {
			isa = PBXResourcesBuildPhase;
			buildActionMask = 2147483647;
			files = (
				20800CD926A1E7A700521FFA /* .swiftlint.yml in Resources */,
				20800CB426A1E71A00521FFA /* Preview Assets.xcassets in Resources */,
				2025BE8F27AE995500CE66CF /* .xcodesamplecode.plist in Resources */,
				20800CDB26A1E7B900521FFA /* README.md in Resources */,
				2049C5CC26A6F04D002C3AF9 /* Launch Screen.storyboard in Resources */,
				20800CB126A1E71A00521FFA /* Assets.xcassets in Resources */,
			);
			runOnlyForDeploymentPostprocessing = 0;
		};
		20800CB826A1E71A00521FFA /* Resources */ = {
			isa = PBXResourcesBuildPhase;
			buildActionMask = 2147483647;
			files = (
			);
			runOnlyForDeploymentPostprocessing = 0;
		};
		20800CC326A1E71A00521FFA /* Resources */ = {
			isa = PBXResourcesBuildPhase;
			buildActionMask = 2147483647;
			files = (
			);
			runOnlyForDeploymentPostprocessing = 0;
		};
/* End PBXResourcesBuildPhase section */

/* Begin PBXShellScriptBuildPhase section */
		2049C58326A4F5A5002C3AF9 /* ShellScript */ = {
			isa = PBXShellScriptBuildPhase;
			buildActionMask = 2147483647;
			files = (
			);
			inputFileListPaths = (
			);
			inputPaths = (
			);
			outputFileListPaths = (
			);
			outputPaths = (
			);
			runOnlyForDeploymentPostprocessing = 0;
			shellPath = /bin/sh;
			shellScript = "TAGS=\"TODO:|FIXME:\"\necho \"searching ${SRCROOT} for ${TAGS}\"\nfind \"${SRCROOT}\" \\( -name \"*.swift\" \\) -print0 | xargs -0 egrep --with-filename --line-number --only-matching \"($TAGS).*\\$\" | perl -p -e \"s/($TAGS)/ warning: \\$1/\"\n";
		};
		20800CDC26A1E8A700521FFA /* ShellScript */ = {
			isa = PBXShellScriptBuildPhase;
			buildActionMask = 2147483647;
			files = (
			);
			inputFileListPaths = (
			);
			inputPaths = (
			);
			outputFileListPaths = (
			);
			outputPaths = (
			);
			runOnlyForDeploymentPostprocessing = 0;
			shellPath = /bin/sh;
			shellScript = "# Type a script or drag a script file from your workspace to insert its path.\nif which swiftlint >/dev/null; then\n  swiftlint\nelse\n  echo \"warning: SwiftLint not installed, download from https://github.com/realm/SwiftLint\"\nfi\n";
		};
/* End PBXShellScriptBuildPhase section */

/* Begin PBXSourcesBuildPhase section */
		20800CA526A1E70F00521FFA /* Sources */ = {
			isa = PBXSourcesBuildPhase;
			buildActionMask = 2147483647;
			files = (
				2049C60126A77764002C3AF9 /* FavoritesModel_readFavoriteComicsFromDatabase.swift in Sources */,
				20800CE826A1FD1600521FFA /* Workflows_Router.swift in Sources */,
				207CBB2C26A36B9100F59A9E /* AltTextOverlayView.swift in Sources */,
				207CBB3526A3836C00F59A9E /* RealmModel.swift in Sources */,
				20800CF326A233CF00521FFA /* K.swift in Sources */,
				2049C5E726A76BCF002C3AF9 /* Workflow_getLatestComics.swift in Sources */,
				20800CE526A1FC0200521FFA /* Actions.swift in Sources */,
				20800CDE26A1E9D100521FFA /* ComicAPIModel.swift in Sources */,
				20800CAF26A1E70F00521FFA /* ContentView.swift in Sources */,
				2049C5DF26A74BFA002C3AF9 /* RealmModel_Mapping.swift in Sources */,
				2049C5ED26A76D9B002C3AF9 /* Workflow_getPreviousComic.swift in Sources */,
				2049C5FF26A77623002C3AF9 /* FavoritesModel_deleteFavoriteComicImage.swift in Sources */,
				2049C5D926A74A02002C3AF9 /* RealmModel_Create.swift in Sources */,
				207CBB3F26A3931B00F59A9E /* TextToSpeechModel.swift in Sources */,
				2049C58226A4BAB9002C3AF9 /* LoggerExtension.swift in Sources */,
				20C8C12726A45B9C00510A6D /* RealmObject__ComicData.swift in Sources */,
				20C8C12E26A4731400510A6D /* ComicImageView.swift in Sources */,
				20800CFB26A35C2000521FFA /* ComicView.swift in Sources */,
				2049C5E126A75A52002C3AF9 /* ImageStorageModel_Download.swift in Sources */,
				2049C5E526A760FC002C3AF9 /* ComicAPIModel_fetchData.swift in Sources */,
				2049C5DB26A74A65002C3AF9 /* RealmModel_Delete.swift in Sources */,
				2049C5F126A76EDB002C3AF9 /* Workflow_getRandomComics.swift in Sources */,
				2049C5D026A6F900002C3AF9 /* FavoritesNavigationView.swift in Sources */,
				2049C60B26A79282002C3AF9 /* Workflow_getComicsNear.swift in Sources */,
				207CBB4426A42C7C00F59A9E /* ArrayExtension.swift in Sources */,
				2049C5F526A77077002C3AF9 /* Workflow_removeComicFromFavorites.swift in Sources */,
				2049C5E326A75A64002C3AF9 /* ImageStorageModel_Delete.swift in Sources */,
				20800CF526A2F3DC00521FFA /* ComicPagesView.swift in Sources */,
				2049C60326A77796002C3AF9 /* FavoritesModel_createFavoriteComicInDatabase.swift in Sources */,
				2049C5DD26A74B1A002C3AF9 /* RealmModel_Observer.swift in Sources */,
				207CBB2E26A3796C00F59A9E /* TalkAndLoveOverlayView.swift in Sources */,
				2049C5EF26A76E2A002C3AF9 /* Workflow_getNewerComic.swift in Sources */,
				2049C60526A777C9002C3AF9 /* FavoritesModel_deleteFavoriteInDatabase.swift in Sources */,
				2049C58626A5C964002C3AF9 /* ImageStorageModel.swift in Sources */,
				20800CF026A2338000521FFA /* LogoAndLoadingView.swift in Sources */,
				20800CAD26A1E70F00521FFA /* ComicSplashApp.swift in Sources */,
				2049C58A26A64BCC002C3AF9 /* ComicNavigationView.swift in Sources */,
				207CBB3C26A38B0500F59A9E /* FavoritesModel_downloadFavoriteComicImage.swift in Sources */,
				2049C5D226A74112002C3AF9 /* ToDo.swift in Sources */,
				2049C5F726A770BE002C3AF9 /* Workflow_getFavoriteComics.swift in Sources */,
				20800CEA26A1FDDA00521FFA /* MainState.swift in Sources */,
				2049C60726A777F8002C3AF9 /* FavoritesModel_subscribe.swift in Sources */,
				20800CEE26A2038600521FFA /* Reducers.swift in Sources */,
				20C8C12C26A4662A00510A6D /* FavoritesOverviewView.swift in Sources */,
				2049C5F326A77029002C3AF9 /* Workflow_addComicAsFavorite.swift in Sources */,
				2049C5EB26A76D0B002C3AF9 /* ComicModel_cachingComic.swift in Sources */,
				2049C5FD26A775CC002C3AF9 /* FavoritesModel.swift in Sources */,
				2049C5E926A76CFF002C3AF9 /* ComicModel_cacheComic.swift in Sources */,
				207CBB3A26A38AD000F59A9E /* ComicModel_generateRandomNum.swift in Sources */,
				20800CE026A1EF4D00521FFA /* ComicDataType.swift in Sources */,
				2049C5D726A7467B002C3AF9 /* RealmModel_Read.swift in Sources */,
				2049C5F926A77260002C3AF9 /* Workflow_startSpeaking.swift in Sources */,
				2049C5FB26A7739F002C3AF9 /* ComicModel.swift in Sources */,
				20800CF726A2F4DB00521FFA /* MainTabView.swift in Sources */,
			);
			runOnlyForDeploymentPostprocessing = 0;
		};
		20800CB626A1E71A00521FFA /* Sources */ = {
			isa = PBXSourcesBuildPhase;
			buildActionMask = 2147483647;
			files = (
				20800CBF26A1E71A00521FFA /* ComicSplashTests.swift in Sources */,
			);
			runOnlyForDeploymentPostprocessing = 0;
		};
		20800CC126A1E71A00521FFA /* Sources */ = {
			isa = PBXSourcesBuildPhase;
			buildActionMask = 2147483647;
			files = (
				20800CCA26A1E71A00521FFA /* ComicSplashUITests.swift in Sources */,
			);
			runOnlyForDeploymentPostprocessing = 0;
		};
/* End PBXSourcesBuildPhase section */

/* Begin PBXTargetDependency section */
		20800CBC26A1E71A00521FFA /* PBXTargetDependency */ = {
			isa = PBXTargetDependency;
			target = 20800CA826A1E70F00521FFA /* ComicSplash */;
			targetProxy = 20800CBB26A1E71A00521FFA /* PBXContainerItemProxy */;
		};
		20800CC726A1E71A00521FFA /* PBXTargetDependency */ = {
			isa = PBXTargetDependency;
			target = 20800CA826A1E70F00521FFA /* ComicSplash */;
			targetProxy = 20800CC626A1E71A00521FFA /* PBXContainerItemProxy */;
		};
/* End PBXTargetDependency section */

/* Begin XCBuildConfiguration section */
		20800CCC26A1E71A00521FFA /* Debug */ = {
			isa = XCBuildConfiguration;
			buildSettings = {
				ALWAYS_SEARCH_USER_PATHS = NO;
				CLANG_ANALYZER_NONNULL = YES;
				CLANG_ANALYZER_NUMBER_OBJECT_CONVERSION = YES_AGGRESSIVE;
				CLANG_CXX_LANGUAGE_STANDARD = "gnu++14";
				CLANG_CXX_LIBRARY = "libc++";
				CLANG_ENABLE_MODULES = YES;
				CLANG_ENABLE_OBJC_ARC = YES;
				CLANG_ENABLE_OBJC_WEAK = YES;
				CLANG_WARN_BLOCK_CAPTURE_AUTORELEASING = YES;
				CLANG_WARN_BOOL_CONVERSION = YES;
				CLANG_WARN_COMMA = YES;
				CLANG_WARN_CONSTANT_CONVERSION = YES;
				CLANG_WARN_DEPRECATED_OBJC_IMPLEMENTATIONS = YES;
				CLANG_WARN_DIRECT_OBJC_ISA_USAGE = YES_ERROR;
				CLANG_WARN_DOCUMENTATION_COMMENTS = YES;
				CLANG_WARN_EMPTY_BODY = YES;
				CLANG_WARN_ENUM_CONVERSION = YES;
				CLANG_WARN_INFINITE_RECURSION = YES;
				CLANG_WARN_INT_CONVERSION = YES;
				CLANG_WARN_NON_LITERAL_NULL_CONVERSION = YES;
				CLANG_WARN_OBJC_IMPLICIT_RETAIN_SELF = YES;
				CLANG_WARN_OBJC_LITERAL_CONVERSION = YES;
				CLANG_WARN_OBJC_ROOT_CLASS = YES_ERROR;
				CLANG_WARN_QUOTED_INCLUDE_IN_FRAMEWORK_HEADER = YES;
				CLANG_WARN_RANGE_LOOP_ANALYSIS = YES;
				CLANG_WARN_STRICT_PROTOTYPES = YES;
				CLANG_WARN_SUSPICIOUS_MOVE = YES;
				CLANG_WARN_UNGUARDED_AVAILABILITY = YES_AGGRESSIVE;
				CLANG_WARN_UNREACHABLE_CODE = YES;
				CLANG_WARN__DUPLICATE_METHOD_MATCH = YES;
				COPY_PHASE_STRIP = NO;
				DEBUG_INFORMATION_FORMAT = dwarf;
				ENABLE_STRICT_OBJC_MSGSEND = YES;
				ENABLE_TESTABILITY = YES;
				GCC_C_LANGUAGE_STANDARD = gnu11;
				GCC_DYNAMIC_NO_PIC = NO;
				GCC_NO_COMMON_BLOCKS = YES;
				GCC_OPTIMIZATION_LEVEL = 0;
				GCC_PREPROCESSOR_DEFINITIONS = (
					"DEBUG=1",
					"$(inherited)",
				);
				GCC_WARN_64_TO_32_BIT_CONVERSION = YES;
				GCC_WARN_ABOUT_RETURN_TYPE = YES_ERROR;
				GCC_WARN_UNDECLARED_SELECTOR = YES;
				GCC_WARN_UNINITIALIZED_AUTOS = YES_AGGRESSIVE;
				GCC_WARN_UNUSED_FUNCTION = YES;
				GCC_WARN_UNUSED_VARIABLE = YES;
				IPHONEOS_DEPLOYMENT_TARGET = 14.5;
				MTL_ENABLE_DEBUG_INFO = INCLUDE_SOURCE;
				MTL_FAST_MATH = YES;
				ONLY_ACTIVE_ARCH = YES;
				SDKROOT = iphoneos;
				SWIFT_ACTIVE_COMPILATION_CONDITIONS = DEBUG;
				SWIFT_COMPILATION_MODE = singlefile;
				SWIFT_OPTIMIZATION_LEVEL = "-Onone";
			};
			name = Debug;
		};
		20800CCD26A1E71A00521FFA /* Release */ = {
			isa = XCBuildConfiguration;
			buildSettings = {
				ALWAYS_SEARCH_USER_PATHS = NO;
				CLANG_ANALYZER_NONNULL = YES;
				CLANG_ANALYZER_NUMBER_OBJECT_CONVERSION = YES_AGGRESSIVE;
				CLANG_CXX_LANGUAGE_STANDARD = "gnu++14";
				CLANG_CXX_LIBRARY = "libc++";
				CLANG_ENABLE_MODULES = YES;
				CLANG_ENABLE_OBJC_ARC = YES;
				CLANG_ENABLE_OBJC_WEAK = YES;
				CLANG_WARN_BLOCK_CAPTURE_AUTORELEASING = YES;
				CLANG_WARN_BOOL_CONVERSION = YES;
				CLANG_WARN_COMMA = YES;
				CLANG_WARN_CONSTANT_CONVERSION = YES;
				CLANG_WARN_DEPRECATED_OBJC_IMPLEMENTATIONS = YES;
				CLANG_WARN_DIRECT_OBJC_ISA_USAGE = YES_ERROR;
				CLANG_WARN_DOCUMENTATION_COMMENTS = YES;
				CLANG_WARN_EMPTY_BODY = YES;
				CLANG_WARN_ENUM_CONVERSION = YES;
				CLANG_WARN_INFINITE_RECURSION = YES;
				CLANG_WARN_INT_CONVERSION = YES;
				CLANG_WARN_NON_LITERAL_NULL_CONVERSION = YES;
				CLANG_WARN_OBJC_IMPLICIT_RETAIN_SELF = YES;
				CLANG_WARN_OBJC_LITERAL_CONVERSION = YES;
				CLANG_WARN_OBJC_ROOT_CLASS = YES_ERROR;
				CLANG_WARN_QUOTED_INCLUDE_IN_FRAMEWORK_HEADER = YES;
				CLANG_WARN_RANGE_LOOP_ANALYSIS = YES;
				CLANG_WARN_STRICT_PROTOTYPES = YES;
				CLANG_WARN_SUSPICIOUS_MOVE = YES;
				CLANG_WARN_UNGUARDED_AVAILABILITY = YES_AGGRESSIVE;
				CLANG_WARN_UNREACHABLE_CODE = YES;
				CLANG_WARN__DUPLICATE_METHOD_MATCH = YES;
				COPY_PHASE_STRIP = NO;
				DEBUG_INFORMATION_FORMAT = "dwarf-with-dsym";
				ENABLE_NS_ASSERTIONS = NO;
				ENABLE_STRICT_OBJC_MSGSEND = YES;
				GCC_C_LANGUAGE_STANDARD = gnu11;
				GCC_NO_COMMON_BLOCKS = YES;
				GCC_WARN_64_TO_32_BIT_CONVERSION = YES;
				GCC_WARN_ABOUT_RETURN_TYPE = YES_ERROR;
				GCC_WARN_UNDECLARED_SELECTOR = YES;
				GCC_WARN_UNINITIALIZED_AUTOS = YES_AGGRESSIVE;
				GCC_WARN_UNUSED_FUNCTION = YES;
				GCC_WARN_UNUSED_VARIABLE = YES;
				IPHONEOS_DEPLOYMENT_TARGET = 14.5;
				MTL_ENABLE_DEBUG_INFO = NO;
				MTL_FAST_MATH = YES;
				SDKROOT = iphoneos;
				SWIFT_COMPILATION_MODE = wholemodule;
				SWIFT_OPTIMIZATION_LEVEL = "-O";
				VALIDATE_PRODUCT = YES;
			};
			name = Release;
		};
		20800CCF26A1E71A00521FFA /* Debug */ = {
			isa = XCBuildConfiguration;
			buildSettings = {
				ASSETCATALOG_COMPILER_APPICON_NAME = AppIcon;
				ASSETCATALOG_COMPILER_GLOBAL_ACCENT_COLOR_NAME = AccentColor;
				CODE_SIGN_STYLE = Automatic;
				DEVELOPMENT_ASSET_PATHS = "\"ComicSplash/Preview Content\"";
				DEVELOPMENT_TEAM = MZYRW3QS38;
				ENABLE_PREVIEWS = YES;
				INFOPLIST_FILE = ComicSplash/Info.plist;
				IPHONEOS_DEPLOYMENT_TARGET = 14.0;
				LD_RUNPATH_SEARCH_PATHS = (
					"$(inherited)",
					"@executable_path/Frameworks",
				);
				PRODUCT_BUNDLE_IDENTIFIER = blue.same.ComicSplash;
				PRODUCT_NAME = "$(TARGET_NAME)";
				SWIFT_VERSION = 5.0;
				TARGETED_DEVICE_FAMILY = 1;
			};
			name = Debug;
		};
		20800CD026A1E71A00521FFA /* Release */ = {
			isa = XCBuildConfiguration;
			buildSettings = {
				ASSETCATALOG_COMPILER_APPICON_NAME = AppIcon;
				ASSETCATALOG_COMPILER_GLOBAL_ACCENT_COLOR_NAME = AccentColor;
				CODE_SIGN_STYLE = Automatic;
				DEVELOPMENT_ASSET_PATHS = "\"ComicSplash/Preview Content\"";
				DEVELOPMENT_TEAM = MZYRW3QS38;
				ENABLE_PREVIEWS = YES;
				INFOPLIST_FILE = ComicSplash/Info.plist;
				IPHONEOS_DEPLOYMENT_TARGET = 14.0;
				LD_RUNPATH_SEARCH_PATHS = (
					"$(inherited)",
					"@executable_path/Frameworks",
				);
				PRODUCT_BUNDLE_IDENTIFIER = blue.same.ComicSplash;
				PRODUCT_NAME = "$(TARGET_NAME)";
				SWIFT_VERSION = 5.0;
				TARGETED_DEVICE_FAMILY = 1;
			};
			name = Release;
		};
		20800CD226A1E71A00521FFA /* Debug */ = {
			isa = XCBuildConfiguration;
			buildSettings = {
				ALWAYS_EMBED_SWIFT_STANDARD_LIBRARIES = YES;
				BUNDLE_LOADER = "$(TEST_HOST)";
				CODE_SIGN_STYLE = Automatic;
				DEVELOPMENT_TEAM = MZYRW3QS38;
				INFOPLIST_FILE = ComicSplashTests/Info.plist;
				IPHONEOS_DEPLOYMENT_TARGET = 14.0;
				LD_RUNPATH_SEARCH_PATHS = (
					"$(inherited)",
					"@executable_path/Frameworks",
					"@loader_path/Frameworks",
				);
				PRODUCT_BUNDLE_IDENTIFIER = blue.same.ComicSplashTests;
				PRODUCT_NAME = "$(TARGET_NAME)";
				SWIFT_VERSION = 5.0;
				TARGETED_DEVICE_FAMILY = "1,2";
				TEST_HOST = "$(BUILT_PRODUCTS_DIR)/ComicSplash.app/ComicSplash";
			};
			name = Debug;
		};
		20800CD326A1E71A00521FFA /* Release */ = {
			isa = XCBuildConfiguration;
			buildSettings = {
				ALWAYS_EMBED_SWIFT_STANDARD_LIBRARIES = YES;
				BUNDLE_LOADER = "$(TEST_HOST)";
				CODE_SIGN_STYLE = Automatic;
				DEVELOPMENT_TEAM = MZYRW3QS38;
				INFOPLIST_FILE = ComicSplashTests/Info.plist;
				IPHONEOS_DEPLOYMENT_TARGET = 14.0;
				LD_RUNPATH_SEARCH_PATHS = (
					"$(inherited)",
					"@executable_path/Frameworks",
					"@loader_path/Frameworks",
				);
				PRODUCT_BUNDLE_IDENTIFIER = blue.same.ComicSplashTests;
				PRODUCT_NAME = "$(TARGET_NAME)";
				SWIFT_VERSION = 5.0;
				TARGETED_DEVICE_FAMILY = "1,2";
				TEST_HOST = "$(BUILT_PRODUCTS_DIR)/ComicSplash.app/ComicSplash";
			};
			name = Release;
		};
		20800CD526A1E71A00521FFA /* Debug */ = {
			isa = XCBuildConfiguration;
			buildSettings = {
				ALWAYS_EMBED_SWIFT_STANDARD_LIBRARIES = YES;
				CODE_SIGN_STYLE = Automatic;
				DEVELOPMENT_TEAM = MZYRW3QS38;
				INFOPLIST_FILE = ComicSplashUITests/Info.plist;
				LD_RUNPATH_SEARCH_PATHS = (
					"$(inherited)",
					"@executable_path/Frameworks",
					"@loader_path/Frameworks",
				);
				PRODUCT_BUNDLE_IDENTIFIER = blue.same.ComicSplashUITests;
				PRODUCT_NAME = "$(TARGET_NAME)";
				SWIFT_VERSION = 5.0;
				TARGETED_DEVICE_FAMILY = "1,2";
				TEST_TARGET_NAME = ComicSplash;
			};
			name = Debug;
		};
		20800CD626A1E71A00521FFA /* Release */ = {
			isa = XCBuildConfiguration;
			buildSettings = {
				ALWAYS_EMBED_SWIFT_STANDARD_LIBRARIES = YES;
				CODE_SIGN_STYLE = Automatic;
				DEVELOPMENT_TEAM = MZYRW3QS38;
				INFOPLIST_FILE = ComicSplashUITests/Info.plist;
				LD_RUNPATH_SEARCH_PATHS = (
					"$(inherited)",
					"@executable_path/Frameworks",
					"@loader_path/Frameworks",
				);
				PRODUCT_BUNDLE_IDENTIFIER = blue.same.ComicSplashUITests;
				PRODUCT_NAME = "$(TARGET_NAME)";
				SWIFT_VERSION = 5.0;
				TARGETED_DEVICE_FAMILY = "1,2";
				TEST_TARGET_NAME = ComicSplash;
			};
			name = Release;
		};
/* End XCBuildConfiguration section */

/* Begin XCConfigurationList section */
		20800CA426A1E70F00521FFA /* Build configuration list for PBXProject "ComicSplash" */ = {
			isa = XCConfigurationList;
			buildConfigurations = (
				20800CCC26A1E71A00521FFA /* Debug */,
				20800CCD26A1E71A00521FFA /* Release */,
			);
			defaultConfigurationIsVisible = 0;
			defaultConfigurationName = Release;
		};
		20800CCE26A1E71A00521FFA /* Build configuration list for PBXNativeTarget "ComicSplash" */ = {
			isa = XCConfigurationList;
			buildConfigurations = (
				20800CCF26A1E71A00521FFA /* Debug */,
				20800CD026A1E71A00521FFA /* Release */,
			);
			defaultConfigurationIsVisible = 0;
			defaultConfigurationName = Release;
		};
		20800CD126A1E71A00521FFA /* Build configuration list for PBXNativeTarget "ComicSplashTests" */ = {
			isa = XCConfigurationList;
			buildConfigurations = (
				20800CD226A1E71A00521FFA /* Debug */,
				20800CD326A1E71A00521FFA /* Release */,
			);
			defaultConfigurationIsVisible = 0;
			defaultConfigurationName = Release;
		};
		20800CD426A1E71A00521FFA /* Build configuration list for PBXNativeTarget "ComicSplashUITests" */ = {
			isa = XCConfigurationList;
			buildConfigurations = (
				20800CD526A1E71A00521FFA /* Debug */,
				20800CD626A1E71A00521FFA /* Release */,
			);
			defaultConfigurationIsVisible = 0;
			defaultConfigurationName = Release;
		};
/* End XCConfigurationList section */

/* Begin XCRemoteSwiftPackageReference section */
		2018A81727B2FF960056AAED /* XCRemoteSwiftPackageReference "R2DFlow" */ = {
			isa = XCRemoteSwiftPackageReference;
			repositoryURL = "https://github.com/marcoboerner/R2DFlow";
			requirement = {
				kind = upToNextMajorVersion;
				minimumVersion = 0.2.7;
			};
		};
		2018A81C27B312A50056AAED /* XCRemoteSwiftPackageReference "realm-swift" */ = {
			isa = XCRemoteSwiftPackageReference;
			repositoryURL = "https://github.com/realm/realm-swift.git";
			requirement = {
				kind = upToNextMajorVersion;
				minimumVersion = 10.19.0;
			};
		};
		20C8C12326A4410E00510A6D /* XCRemoteSwiftPackageReference "SDWebImageSwiftUI" */ = {
			isa = XCRemoteSwiftPackageReference;
			repositoryURL = "https://github.com/SDWebImage/SDWebImageSwiftUI.git";
			requirement = {
				kind = upToNextMajorVersion;
				minimumVersion = 2.0.2;
			};
		};
/* End XCRemoteSwiftPackageReference section */

/* Begin XCSwiftPackageProductDependency section */
		2018A81827B2FF960056AAED /* R2DFlow */ = {
			isa = XCSwiftPackageProductDependency;
			package = 2018A81727B2FF960056AAED /* XCRemoteSwiftPackageReference "R2DFlow" */;
			productName = R2DFlow;
		};
		2018A81D27B312A50056AAED /* Realm */ = {
			isa = XCSwiftPackageProductDependency;
			package = 2018A81C27B312A50056AAED /* XCRemoteSwiftPackageReference "realm-swift" */;
			productName = Realm;
		};
		2018A81F27B312A50056AAED /* RealmSwift */ = {
			isa = XCSwiftPackageProductDependency;
			package = 2018A81C27B312A50056AAED /* XCRemoteSwiftPackageReference "realm-swift" */;
			productName = RealmSwift;
		};
		20C8C12426A4410E00510A6D /* SDWebImageSwiftUI */ = {
			isa = XCSwiftPackageProductDependency;
			package = 20C8C12326A4410E00510A6D /* XCRemoteSwiftPackageReference "SDWebImageSwiftUI" */;
			productName = SDWebImageSwiftUI;
		};
/* End XCSwiftPackageProductDependency section */
	};
	rootObject = 20800CA126A1E70F00521FFA /* Project object */;
}
